// !$*UTF8*$!
{
	archiveVersion = 1;
	classes = {
	};
	objectVersion = 46;
	objects = {

/* Begin PBXBuildFile section */
		536168C11B6988F900198621 /* MovementMode.swift in Sources */ = {isa = PBXBuildFile; fileRef = 536168C01B6988F900198621 /* MovementMode.swift */; };
		5374A38E1B66ECEC00D068DE /* DnD5eRuleset.h in Headers */ = {isa = PBXBuildFile; fileRef = 5374A38D1B66ECEC00D068DE /* DnD5eRuleset.h */; settings = {ATTRIBUTES = (Public, ); }; };
		5374A3951B66ECEC00D068DE /* DnD5eRuleset.framework in Frameworks */ = {isa = PBXBuildFile; fileRef = 5374A38A1B66ECEC00D068DE /* DnD5eRuleset.framework */; };
		5374A3A61B66EDEA00D068DE /* Nimble.framework in Frameworks */ = {isa = PBXBuildFile; fileRef = 5374A3A51B66EDEA00D068DE /* Nimble.framework */; };
		5374A3A81B66EDEC00D068DE /* SwiftCheck.framework in Frameworks */ = {isa = PBXBuildFile; fileRef = 5374A3A71B66EDEC00D068DE /* SwiftCheck.framework */; };
		5374A3B51B66F01C00D068DE /* DiceKit.framework in Frameworks */ = {isa = PBXBuildFile; fileRef = 5374A3B41B66F01C00D068DE /* DiceKit.framework */; };
		5374A3BD1B66FF8100D068DE /* RaceType.swift in Sources */ = {isa = PBXBuildFile; fileRef = 5374A3BC1B66FF8100D068DE /* RaceType.swift */; };
		5374A3BF1B66FFA200D068DE /* ClassType.swift in Sources */ = {isa = PBXBuildFile; fileRef = 5374A3BE1B66FFA200D068DE /* ClassType.swift */; };
		5374A3C11B671BDA00D068DE /* SpellType.swift in Sources */ = {isa = PBXBuildFile; fileRef = 5374A3C01B671BDA00D068DE /* SpellType.swift */; };
		53D464551B6973320075D435 /* Distance.swift in Sources */ = {isa = PBXBuildFile; fileRef = 53D464541B6973320075D435 /* Distance.swift */; };
		53D464571B6979A00075D435 /* Duration.swift in Sources */ = {isa = PBXBuildFile; fileRef = 53D464561B6979A00075D435 /* Duration.swift */; };
		53D464591B697CA90075D435 /* ActionType.swift in Sources */ = {isa = PBXBuildFile; fileRef = 53D464581B697CA90075D435 /* ActionType.swift */; };
		53ECC3B81C0246AB004D10C7 /* Rest.swift in Sources */ = {isa = PBXBuildFile; fileRef = 53ECC3B71C0246AB004D10C7 /* Rest.swift */; };
		53ECC3BA1C0247F8004D10C7 /* AbilityScore_Tests.swift in Sources */ = {isa = PBXBuildFile; fileRef = 53ECC3B91C0247F8004D10C7 /* AbilityScore_Tests.swift */; };
		53ECC3BE1C026433004D10C7 /* Ability.swift in Sources */ = {isa = PBXBuildFile; fileRef = 53ECC3BD1C026433004D10C7 /* Ability.swift */; };
		53ECC3C01C02645F004D10C7 /* AbilityScores.swift in Sources */ = {isa = PBXBuildFile; fileRef = 53ECC3BF1C02645F004D10C7 /* AbilityScores.swift */; };
		53F33B711B698D7D00991AC4 /* AbilityScore.swift in Sources */ = {isa = PBXBuildFile; fileRef = 53F33B701B698D7D00991AC4 /* AbilityScore.swift */; };
		53F33B731B69979200991AC4 /* Creature.swift in Sources */ = {isa = PBXBuildFile; fileRef = 53F33B721B69979200991AC4 /* Creature.swift */; };
		53F33B771B6AE01200991AC4 /* Skill.swift in Sources */ = {isa = PBXBuildFile; fileRef = 53F33B761B6AE01200991AC4 /* Skill.swift */; };
		53F33B791B6AE36300991AC4 /* Armor.swift in Sources */ = {isa = PBXBuildFile; fileRef = 53F33B781B6AE36300991AC4 /* Armor.swift */; };
		53F33B7B1B6AE5E400991AC4 /* Weight.swift in Sources */ = {isa = PBXBuildFile; fileRef = 53F33B7A1B6AE5E400991AC4 /* Weight.swift */; };
		53F33B7D1B6AE9AC00991AC4 /* ActionTimeCost.swift in Sources */ = {isa = PBXBuildFile; fileRef = 53F33B7C1B6AE9AC00991AC4 /* ActionTimeCost.swift */; };
		53F33B811B6C42EE00991AC4 /* ItemType.swift in Sources */ = {isa = PBXBuildFile; fileRef = 53F33B801B6C42EE00991AC4 /* ItemType.swift */; };
		53F33B831B6C53C800991AC4 /* WeaponType.swift in Sources */ = {isa = PBXBuildFile; fileRef = 53F33B821B6C53C800991AC4 /* WeaponType.swift */; };
		53F33B851B6C5C5400991AC4 /* BackgroundType.swift in Sources */ = {isa = PBXBuildFile; fileRef = 53F33B841B6C5C5400991AC4 /* BackgroundType.swift */; };
		53F33B871B6C604F00991AC4 /* StandardCoin.swift in Sources */ = {isa = PBXBuildFile; fileRef = 53F33B861B6C604F00991AC4 /* StandardCoin.swift */; };
		53F33B891B6C7A2000991AC4 /* Alignment.swift in Sources */ = {isa = PBXBuildFile; fileRef = 53F33B881B6C7A2000991AC4 /* Alignment.swift */; };
/* End PBXBuildFile section */

/* Begin PBXContainerItemProxy section */
		5374A3961B66ECEC00D068DE /* PBXContainerItemProxy */ = {
			isa = PBXContainerItemProxy;
			containerPortal = 5374A3811B66ECEB00D068DE /* Project object */;
			proxyType = 1;
			remoteGlobalIDString = 5374A3891B66ECEB00D068DE;
			remoteInfo = DnD5eRuleset;
		};
/* End PBXContainerItemProxy section */

/* Begin PBXFileReference section */
		536168C01B6988F900198621 /* MovementMode.swift */ = {isa = PBXFileReference; fileEncoding = 4; lastKnownFileType = sourcecode.swift; path = MovementMode.swift; sourceTree = "<group>"; };
		5374A38A1B66ECEC00D068DE /* DnD5eRuleset.framework */ = {isa = PBXFileReference; explicitFileType = wrapper.framework; includeInIndex = 0; path = DnD5eRuleset.framework; sourceTree = BUILT_PRODUCTS_DIR; };
		5374A38D1B66ECEC00D068DE /* DnD5eRuleset.h */ = {isa = PBXFileReference; lastKnownFileType = sourcecode.c.h; path = DnD5eRuleset.h; sourceTree = "<group>"; };
		5374A38F1B66ECEC00D068DE /* Info.plist */ = {isa = PBXFileReference; lastKnownFileType = text.plist.xml; path = Info.plist; sourceTree = "<group>"; };
		5374A3941B66ECEC00D068DE /* DnD5eRulesetTests.xctest */ = {isa = PBXFileReference; explicitFileType = wrapper.cfbundle; includeInIndex = 0; path = DnD5eRulesetTests.xctest; sourceTree = BUILT_PRODUCTS_DIR; };
		5374A39B1B66ECEC00D068DE /* Info.plist */ = {isa = PBXFileReference; lastKnownFileType = text.plist.xml; path = Info.plist; sourceTree = "<group>"; };
		5374A3A51B66EDEA00D068DE /* Nimble.framework */ = {isa = PBXFileReference; lastKnownFileType = wrapper.framework; path = Nimble.framework; sourceTree = BUILT_PRODUCTS_DIR; };
		5374A3A71B66EDEC00D068DE /* SwiftCheck.framework */ = {isa = PBXFileReference; lastKnownFileType = wrapper.framework; path = SwiftCheck.framework; sourceTree = BUILT_PRODUCTS_DIR; };
		5374A3B41B66F01C00D068DE /* DiceKit.framework */ = {isa = PBXFileReference; lastKnownFileType = wrapper.framework; path = DiceKit.framework; sourceTree = BUILT_PRODUCTS_DIR; };
		5374A3BC1B66FF8100D068DE /* RaceType.swift */ = {isa = PBXFileReference; fileEncoding = 4; lastKnownFileType = sourcecode.swift; path = RaceType.swift; sourceTree = "<group>"; };
		5374A3BE1B66FFA200D068DE /* ClassType.swift */ = {isa = PBXFileReference; fileEncoding = 4; lastKnownFileType = sourcecode.swift; path = ClassType.swift; sourceTree = "<group>"; };
		5374A3C01B671BDA00D068DE /* SpellType.swift */ = {isa = PBXFileReference; fileEncoding = 4; lastKnownFileType = sourcecode.swift; path = SpellType.swift; sourceTree = "<group>"; };
		53D464541B6973320075D435 /* Distance.swift */ = {isa = PBXFileReference; fileEncoding = 4; lastKnownFileType = sourcecode.swift; path = Distance.swift; sourceTree = "<group>"; };
		53D464561B6979A00075D435 /* Duration.swift */ = {isa = PBXFileReference; fileEncoding = 4; lastKnownFileType = sourcecode.swift; path = Duration.swift; sourceTree = "<group>"; };
		53D464581B697CA90075D435 /* ActionType.swift */ = {isa = PBXFileReference; fileEncoding = 4; lastKnownFileType = sourcecode.swift; path = ActionType.swift; sourceTree = "<group>"; };
		53ECC3AE1C02424B004D10C7 /* Debug.xcconfig */ = {isa = PBXFileReference; fileEncoding = 4; lastKnownFileType = text.xcconfig; path = Debug.xcconfig; sourceTree = "<group>"; };
		53ECC3AF1C02424B004D10C7 /* Release.xcconfig */ = {isa = PBXFileReference; fileEncoding = 4; lastKnownFileType = text.xcconfig; path = Release.xcconfig; sourceTree = "<group>"; };
		53ECC3B11C02424B004D10C7 /* DnD5eRuleset.xcconfig */ = {isa = PBXFileReference; fileEncoding = 4; lastKnownFileType = text.xcconfig; path = DnD5eRuleset.xcconfig; sourceTree = "<group>"; };
		53ECC3B21C02424B004D10C7 /* DnD5eRulesetTests.xcconfig */ = {isa = PBXFileReference; fileEncoding = 4; lastKnownFileType = text.xcconfig; path = DnD5eRulesetTests.xcconfig; sourceTree = "<group>"; };
		53ECC3B71C0246AB004D10C7 /* Rest.swift */ = {isa = PBXFileReference; fileEncoding = 4; lastKnownFileType = sourcecode.swift; path = Rest.swift; sourceTree = "<group>"; };
		53ECC3B91C0247F8004D10C7 /* AbilityScore_Tests.swift */ = {isa = PBXFileReference; fileEncoding = 4; lastKnownFileType = sourcecode.swift; path = AbilityScore_Tests.swift; sourceTree = "<group>"; };
		53ECC3BD1C026433004D10C7 /* Ability.swift */ = {isa = PBXFileReference; fileEncoding = 4; lastKnownFileType = sourcecode.swift; path = Ability.swift; sourceTree = "<group>"; };
		53ECC3BF1C02645F004D10C7 /* AbilityScores.swift */ = {isa = PBXFileReference; fileEncoding = 4; lastKnownFileType = sourcecode.swift; path = AbilityScores.swift; sourceTree = "<group>"; };
		53F33B701B698D7D00991AC4 /* AbilityScore.swift */ = {isa = PBXFileReference; fileEncoding = 4; lastKnownFileType = sourcecode.swift; path = AbilityScore.swift; sourceTree = "<group>"; };
		53F33B721B69979200991AC4 /* Creature.swift */ = {isa = PBXFileReference; fileEncoding = 4; lastKnownFileType = sourcecode.swift; path = Creature.swift; sourceTree = "<group>"; };
		53F33B761B6AE01200991AC4 /* Skill.swift */ = {isa = PBXFileReference; fileEncoding = 4; lastKnownFileType = sourcecode.swift; path = Skill.swift; sourceTree = "<group>"; };
		53F33B781B6AE36300991AC4 /* Armor.swift */ = {isa = PBXFileReference; fileEncoding = 4; lastKnownFileType = sourcecode.swift; path = Armor.swift; sourceTree = "<group>"; };
		53F33B7A1B6AE5E400991AC4 /* Weight.swift */ = {isa = PBXFileReference; fileEncoding = 4; lastKnownFileType = sourcecode.swift; path = Weight.swift; sourceTree = "<group>"; };
		53F33B7C1B6AE9AC00991AC4 /* ActionTimeCost.swift */ = {isa = PBXFileReference; fileEncoding = 4; lastKnownFileType = sourcecode.swift; path = ActionTimeCost.swift; sourceTree = "<group>"; };
		53F33B801B6C42EE00991AC4 /* ItemType.swift */ = {isa = PBXFileReference; fileEncoding = 4; lastKnownFileType = sourcecode.swift; path = ItemType.swift; sourceTree = "<group>"; };
		53F33B821B6C53C800991AC4 /* WeaponType.swift */ = {isa = PBXFileReference; fileEncoding = 4; lastKnownFileType = sourcecode.swift; path = WeaponType.swift; sourceTree = "<group>"; };
		53F33B841B6C5C5400991AC4 /* BackgroundType.swift */ = {isa = PBXFileReference; fileEncoding = 4; lastKnownFileType = sourcecode.swift; path = BackgroundType.swift; sourceTree = "<group>"; };
		53F33B861B6C604F00991AC4 /* StandardCoin.swift */ = {isa = PBXFileReference; fileEncoding = 4; lastKnownFileType = sourcecode.swift; path = StandardCoin.swift; sourceTree = "<group>"; };
		53F33B881B6C7A2000991AC4 /* Alignment.swift */ = {isa = PBXFileReference; fileEncoding = 4; lastKnownFileType = sourcecode.swift; path = Alignment.swift; sourceTree = "<group>"; };
/* End PBXFileReference section */

/* Begin PBXFrameworksBuildPhase section */
		5374A3861B66ECEB00D068DE /* Frameworks */ = {
			isa = PBXFrameworksBuildPhase;
			buildActionMask = 2147483647;
			files = (
				5374A3B51B66F01C00D068DE /* DiceKit.framework in Frameworks */,
			);
			runOnlyForDeploymentPostprocessing = 0;
		};
		5374A3911B66ECEC00D068DE /* Frameworks */ = {
			isa = PBXFrameworksBuildPhase;
			buildActionMask = 2147483647;
			files = (
				5374A3951B66ECEC00D068DE /* DnD5eRuleset.framework in Frameworks */,
				5374A3A61B66EDEA00D068DE /* Nimble.framework in Frameworks */,
				5374A3A81B66EDEC00D068DE /* SwiftCheck.framework in Frameworks */,
			);
			runOnlyForDeploymentPostprocessing = 0;
		};
/* End PBXFrameworksBuildPhase section */

/* Begin PBXGroup section */
		5374A3801B66ECEB00D068DE = {
			isa = PBXGroup;
			children = (
				5374A3AA1B66EE6500D068DE /* xcconfigs */,
				5374A38C1B66ECEC00D068DE /* DnD5eRuleset */,
				5374A3981B66ECEC00D068DE /* DnD5eRulesetTests */,
				5374A3A41B66ED2700D068DE /* Frameworks */,
				5374A38B1B66ECEC00D068DE /* Products */,
			);
			sourceTree = "<group>";
		};
		5374A38B1B66ECEC00D068DE /* Products */ = {
			isa = PBXGroup;
			children = (
				5374A38A1B66ECEC00D068DE /* DnD5eRuleset.framework */,
				5374A3941B66ECEC00D068DE /* DnD5eRulesetTests.xctest */,
			);
			name = Products;
			sourceTree = "<group>";
		};
		5374A38C1B66ECEC00D068DE /* DnD5eRuleset */ = {
			isa = PBXGroup;
			children = (
				5374A3B11B66EEB000D068DE /* Supporting Files */,
				53ECC3BD1C026433004D10C7 /* Ability.swift */,
				53F33B701B698D7D00991AC4 /* AbilityScore.swift */,
				53ECC3BF1C02645F004D10C7 /* AbilityScores.swift */,
				53F33B7C1B6AE9AC00991AC4 /* ActionTimeCost.swift */,
				53D464581B697CA90075D435 /* ActionType.swift */,
				53F33B881B6C7A2000991AC4 /* Alignment.swift */,
				53F33B781B6AE36300991AC4 /* Armor.swift */,
				53F33B841B6C5C5400991AC4 /* BackgroundType.swift */,
				5374A3BE1B66FFA200D068DE /* ClassType.swift */,
				53F33B721B69979200991AC4 /* Creature.swift */,
				53D464561B6979A00075D435 /* Duration.swift */,
				53D464541B6973320075D435 /* Distance.swift */,
				53F33B801B6C42EE00991AC4 /* ItemType.swift */,
				536168C01B6988F900198621 /* MovementMode.swift */,
				5374A3BC1B66FF8100D068DE /* RaceType.swift */,
				53ECC3B71C0246AB004D10C7 /* Rest.swift */,
				53F33B761B6AE01200991AC4 /* Skill.swift */,
				5374A3C01B671BDA00D068DE /* SpellType.swift */,
				53F33B861B6C604F00991AC4 /* StandardCoin.swift */,
				53F33B7A1B6AE5E400991AC4 /* Weight.swift */,
				53F33B821B6C53C800991AC4 /* WeaponType.swift */,
			);
			path = DnD5eRuleset;
			sourceTree = "<group>";
		};
		5374A3981B66ECEC00D068DE /* DnD5eRulesetTests */ = {
			isa = PBXGroup;
			children = (
				5374A3B21B66EED200D068DE /* Supporting Files */,
				53ECC3B91C0247F8004D10C7 /* AbilityScore_Tests.swift */,
			);
			path = DnD5eRulesetTests;
			sourceTree = "<group>";
		};
		5374A3A41B66ED2700D068DE /* Frameworks */ = {
			isa = PBXGroup;
			children = (
				5374A3B41B66F01C00D068DE /* DiceKit.framework */,
				5374A3A91B66EE0300D068DE /* Tests */,
			);
			name = Frameworks;
			sourceTree = "<group>";
		};
		5374A3A91B66EE0300D068DE /* Tests */ = {
			isa = PBXGroup;
			children = (
				5374A3A51B66EDEA00D068DE /* Nimble.framework */,
				5374A3A71B66EDEC00D068DE /* SwiftCheck.framework */,
			);
			name = Tests;
			sourceTree = "<group>";
		};
		5374A3AA1B66EE6500D068DE /* xcconfigs */ = {
			isa = PBXGroup;
			children = (
				53ECC3AD1C02424B004D10C7 /* Project */,
				53ECC3B01C02424B004D10C7 /* Target */,
			);
			path = xcconfigs;
			sourceTree = "<group>";
		};
		5374A3B11B66EEB000D068DE /* Supporting Files */ = {
			isa = PBXGroup;
			children = (
				5374A38D1B66ECEC00D068DE /* DnD5eRuleset.h */,
				5374A38F1B66ECEC00D068DE /* Info.plist */,
			);
			name = "Supporting Files";
			sourceTree = "<group>";
		};
		5374A3B21B66EED200D068DE /* Supporting Files */ = {
			isa = PBXGroup;
			children = (
				5374A39B1B66ECEC00D068DE /* Info.plist */,
			);
			name = "Supporting Files";
			sourceTree = "<group>";
		};
		53ECC3AD1C02424B004D10C7 /* Project */ = {
			isa = PBXGroup;
			children = (
				53ECC3AE1C02424B004D10C7 /* Debug.xcconfig */,
				53ECC3AF1C02424B004D10C7 /* Release.xcconfig */,
			);
			path = Project;
			sourceTree = "<group>";
		};
		53ECC3B01C02424B004D10C7 /* Target */ = {
			isa = PBXGroup;
			children = (
				53ECC3B11C02424B004D10C7 /* DnD5eRuleset.xcconfig */,
				53ECC3B21C02424B004D10C7 /* DnD5eRulesetTests.xcconfig */,
			);
			path = Target;
			sourceTree = "<group>";
		};
/* End PBXGroup section */

/* Begin PBXHeadersBuildPhase section */
		5374A3871B66ECEB00D068DE /* Headers */ = {
			isa = PBXHeadersBuildPhase;
			buildActionMask = 2147483647;
			files = (
				5374A38E1B66ECEC00D068DE /* DnD5eRuleset.h in Headers */,
			);
			runOnlyForDeploymentPostprocessing = 0;
		};
/* End PBXHeadersBuildPhase section */

/* Begin PBXNativeTarget section */
		5374A3891B66ECEB00D068DE /* DnD5eRuleset */ = {
			isa = PBXNativeTarget;
			buildConfigurationList = 5374A39E1B66ECEC00D068DE /* Build configuration list for PBXNativeTarget "DnD5eRuleset" */;
			buildPhases = (
				5374A3851B66ECEB00D068DE /* Sources */,
				5374A3861B66ECEB00D068DE /* Frameworks */,
				5374A3871B66ECEB00D068DE /* Headers */,
				5374A3881B66ECEB00D068DE /* Resources */,
			);
			buildRules = (
			);
			dependencies = (
			);
			name = DnD5eRuleset;
			productName = DnD5eRuleset;
			productReference = 5374A38A1B66ECEC00D068DE /* DnD5eRuleset.framework */;
			productType = "com.apple.product-type.framework";
		};
		5374A3931B66ECEC00D068DE /* DnD5eRulesetTests */ = {
			isa = PBXNativeTarget;
			buildConfigurationList = 5374A3A11B66ECEC00D068DE /* Build configuration list for PBXNativeTarget "DnD5eRulesetTests" */;
			buildPhases = (
				5374A3901B66ECEC00D068DE /* Sources */,
				5374A3911B66ECEC00D068DE /* Frameworks */,
				5374A3921B66ECEC00D068DE /* Resources */,
			);
			buildRules = (
			);
			dependencies = (
				5374A3971B66ECEC00D068DE /* PBXTargetDependency */,
			);
			name = DnD5eRulesetTests;
			productName = DnD5eRulesetTests;
			productReference = 5374A3941B66ECEC00D068DE /* DnD5eRulesetTests.xctest */;
			productType = "com.apple.product-type.bundle.unit-test";
		};
/* End PBXNativeTarget section */

/* Begin PBXProject section */
		5374A3811B66ECEB00D068DE /* Project object */ = {
			isa = PBXProject;
			attributes = {
				LastSwiftUpdateCheck = 0720;
				LastUpgradeCheck = 0700;
				ORGANIZATIONNAME = "Brentley Jones";
				TargetAttributes = {
					5374A3891B66ECEB00D068DE = {
						CreatedOnToolsVersion = 7.0;
					};
					5374A3931B66ECEC00D068DE = {
						CreatedOnToolsVersion = 7.0;
					};
				};
			};
			buildConfigurationList = 5374A3841B66ECEB00D068DE /* Build configuration list for PBXProject "DnD5eRuleset" */;
			compatibilityVersion = "Xcode 3.2";
			developmentRegion = English;
			hasScannedForEncodings = 0;
			knownRegions = (
				en,
			);
			mainGroup = 5374A3801B66ECEB00D068DE;
			productRefGroup = 5374A38B1B66ECEC00D068DE /* Products */;
			projectDirPath = "";
			projectRoot = "";
			targets = (
				5374A3891B66ECEB00D068DE /* DnD5eRuleset */,
				5374A3931B66ECEC00D068DE /* DnD5eRulesetTests */,
			);
		};
/* End PBXProject section */

/* Begin PBXResourcesBuildPhase section */
		5374A3881B66ECEB00D068DE /* Resources */ = {
			isa = PBXResourcesBuildPhase;
			buildActionMask = 2147483647;
			files = (
			);
			runOnlyForDeploymentPostprocessing = 0;
		};
		5374A3921B66ECEC00D068DE /* Resources */ = {
			isa = PBXResourcesBuildPhase;
			buildActionMask = 2147483647;
			files = (
			);
			runOnlyForDeploymentPostprocessing = 0;
		};
/* End PBXResourcesBuildPhase section */

/* Begin PBXSourcesBuildPhase section */
		5374A3851B66ECEB00D068DE /* Sources */ = {
			isa = PBXSourcesBuildPhase;
			buildActionMask = 2147483647;
			files = (
				53F33B811B6C42EE00991AC4 /* ItemType.swift in Sources */,
				53F33B891B6C7A2000991AC4 /* Alignment.swift in Sources */,
				53F33B851B6C5C5400991AC4 /* BackgroundType.swift in Sources */,
				536168C11B6988F900198621 /* MovementMode.swift in Sources */,
				5374A3C11B671BDA00D068DE /* SpellType.swift in Sources */,
				53F33B831B6C53C800991AC4 /* WeaponType.swift in Sources */,
				53ECC3BE1C026433004D10C7 /* Ability.swift in Sources */,
				5374A3BF1B66FFA200D068DE /* ClassType.swift in Sources */,
				53F33B7D1B6AE9AC00991AC4 /* ActionTimeCost.swift in Sources */,
				53F33B791B6AE36300991AC4 /* Armor.swift in Sources */,
				53D464591B697CA90075D435 /* ActionType.swift in Sources */,
				5374A3BD1B66FF8100D068DE /* RaceType.swift in Sources */,
				53F33B711B698D7D00991AC4 /* AbilityScore.swift in Sources */,
				53D464571B6979A00075D435 /* Duration.swift in Sources */,
				53F33B771B6AE01200991AC4 /* Skill.swift in Sources */,
				53F33B871B6C604F00991AC4 /* StandardCoin.swift in Sources */,
				53ECC3C01C02645F004D10C7 /* AbilityScores.swift in Sources */,
				53F33B731B69979200991AC4 /* Creature.swift in Sources */,
				53D464551B6973320075D435 /* Distance.swift in Sources */,
				53F33B7B1B6AE5E400991AC4 /* Weight.swift in Sources */,
				53ECC3B81C0246AB004D10C7 /* Rest.swift in Sources */,
			);
			runOnlyForDeploymentPostprocessing = 0;
		};
		5374A3901B66ECEC00D068DE /* Sources */ = {
			isa = PBXSourcesBuildPhase;
			buildActionMask = 2147483647;
			files = (
				53ECC3BA1C0247F8004D10C7 /* AbilityScore_Tests.swift in Sources */,
			);
			runOnlyForDeploymentPostprocessing = 0;
		};
/* End PBXSourcesBuildPhase section */

/* Begin PBXTargetDependency section */
		5374A3971B66ECEC00D068DE /* PBXTargetDependency */ = {
			isa = PBXTargetDependency;
			target = 5374A3891B66ECEB00D068DE /* DnD5eRuleset */;
			targetProxy = 5374A3961B66ECEC00D068DE /* PBXContainerItemProxy */;
		};
/* End PBXTargetDependency section */

/* Begin XCBuildConfiguration section */
		5374A39C1B66ECEC00D068DE /* Debug */ = {
			isa = XCBuildConfiguration;
			baseConfigurationReference = 53ECC3AE1C02424B004D10C7 /* Debug.xcconfig */;
			buildSettings = {
				CLANG_CXX_LANGUAGE_STANDARD = "gnu++0x";
				CLANG_CXX_LIBRARY = "libc++";
				CURRENT_PROJECT_VERSION = 1;
				GCC_C_LANGUAGE_STANDARD = gnu99;
				GCC_NO_COMMON_BLOCKS = YES;
				MACOSX_DEPLOYMENT_TARGET = 10.11;
				ONLY_ACTIVE_ARCH = YES;
				SDKROOT = macosx;
				VERSIONING_SYSTEM = "apple-generic";
				VERSION_INFO_PREFIX = "";
			};
			name = Debug;
		};
		5374A39D1B66ECEC00D068DE /* Release */ = {
			isa = XCBuildConfiguration;
			baseConfigurationReference = 53ECC3AF1C02424B004D10C7 /* Release.xcconfig */;
			buildSettings = {
				CLANG_CXX_LANGUAGE_STANDARD = "gnu++0x";
				CLANG_CXX_LIBRARY = "libc++";
				CURRENT_PROJECT_VERSION = 1;
				GCC_C_LANGUAGE_STANDARD = gnu99;
				GCC_NO_COMMON_BLOCKS = YES;
				MACOSX_DEPLOYMENT_TARGET = 10.11;
				SDKROOT = macosx;
				VERSIONING_SYSTEM = "apple-generic";
				VERSION_INFO_PREFIX = "";
			};
			name = Release;
		};
		5374A39F1B66ECEC00D068DE /* Debug */ = {
			isa = XCBuildConfiguration;
			baseConfigurationReference = 53ECC3B11C02424B004D10C7 /* DnD5eRuleset.xcconfig */;
			buildSettings = {
				DEFINES_MODULE = YES;
				DYLIB_COMPATIBILITY_VERSION = 1;
				DYLIB_CURRENT_VERSION = 1;
				INSTALL_PATH = "$(LOCAL_LIBRARY_DIR)/Frameworks";
				PRODUCT_BUNDLE_IDENTIFIER = org.tabletopassistant.DnD5eRuleset;
				PRODUCT_NAME = "$(TARGET_NAME)";
			};
			name = Debug;
		};
		5374A3A01B66ECEC00D068DE /* Release */ = {
			isa = XCBuildConfiguration;
			baseConfigurationReference = 53ECC3B11C02424B004D10C7 /* DnD5eRuleset.xcconfig */;
			buildSettings = {
				DEFINES_MODULE = YES;
				DYLIB_COMPATIBILITY_VERSION = 1;
				DYLIB_CURRENT_VERSION = 1;
				INSTALL_PATH = "$(LOCAL_LIBRARY_DIR)/Frameworks";
				PRODUCT_BUNDLE_IDENTIFIER = org.tabletopassistant.DnD5eRuleset;
				PRODUCT_NAME = "$(TARGET_NAME)";
			};
			name = Release;
		};
		5374A3A21B66ECEC00D068DE /* Debug */ = {
			isa = XCBuildConfiguration;
			baseConfigurationReference = 53ECC3B21C02424B004D10C7 /* DnD5eRulesetTests.xcconfig */;
			buildSettings = {
				CLANG_ENABLE_MODULES = YES;
				INFOPLIST_FILE = DnD5eRulesetTests/Info.plist;
				LD_RUNPATH_SEARCH_PATHS = "$(inherited) @executable_path/Frameworks @loader_path/Frameworks";
				PRODUCT_BUNDLE_IDENTIFIER = org.tabletopassistant.DnD5eRulesetTests;
				PRODUCT_NAME = "$(TARGET_NAME)";
				SWIFT_OPTIMIZATION_LEVEL = "-Onone";
			};
			name = Debug;
		};
		5374A3A31B66ECEC00D068DE /* Release */ = {
			isa = XCBuildConfiguration;
			baseConfigurationReference = 53ECC3B21C02424B004D10C7 /* DnD5eRulesetTests.xcconfig */;
			buildSettings = {
				CLANG_ENABLE_MODULES = YES;
				INFOPLIST_FILE = DnD5eRulesetTests/Info.plist;
				LD_RUNPATH_SEARCH_PATHS = "$(inherited) @executable_path/Frameworks @loader_path/Frameworks";
				PRODUCT_BUNDLE_IDENTIFIER = org.tabletopassistant.DnD5eRulesetTests;
				PRODUCT_NAME = "$(TARGET_NAME)";
			};
			name = Release;
		};
/* End XCBuildConfiguration section */

/* Begin XCConfigurationList section */
		5374A3841B66ECEB00D068DE /* Build configuration list for PBXProject "DnD5eRuleset" */ = {
			isa = XCConfigurationList;
			buildConfigurations = (
				5374A39C1B66ECEC00D068DE /* Debug */,
				5374A39D1B66ECEC00D068DE /* Release */,
			);
			defaultConfigurationIsVisible = 0;
			defaultConfigurationName = Release;
		};
		5374A39E1B66ECEC00D068DE /* Build configuration list for PBXNativeTarget "DnD5eRuleset" */ = {
			isa = XCConfigurationList;
			buildConfigurations = (
				5374A39F1B66ECEC00D068DE /* Debug */,
				5374A3A01B66ECEC00D068DE /* Release */,
			);
			defaultConfigurationIsVisible = 0;
			defaultConfigurationName = Release;
		};
		5374A3A11B66ECEC00D068DE /* Build configuration list for PBXNativeTarget "DnD5eRulesetTests" */ = {
			isa = XCConfigurationList;
			buildConfigurations = (
				5374A3A21B66ECEC00D068DE /* Debug */,
				5374A3A31B66ECEC00D068DE /* Release */,
			);
			defaultConfigurationIsVisible = 0;
			defaultConfigurationName = Release;
		};
/* End XCConfigurationList section */
	};
	rootObject = 5374A3811B66ECEB00D068DE /* Project object */;
}
